github.com/davecgh/go-spew v1.1.0/go.mod h1:J7Y8YcW2NihsgmVo/mv3lAwl/skON4iLHjSsI+c5H38=
github.com/davecgh/go-spew v1.1.1/go.mod h1:J7Y8YcW2NihsgmVo/mv3lAwl/skON4iLHjSsI+c5H38=
github.com/gomodule/redigo v1.8.6 h1:h7kHSqUl2kxeaQtVslsfUCPJ1oz2pxcyzLy4zezIzPw=
github.com/gomodule/redigo v1.8.6/go.mod h1:P9dn9mFrCBvWhGE1wpxx6fgq7BAeLBk+UUUzlpkBYO0=
github.com/gwaylib/beanmsq v0.0.0-20190326081523-eda206cf81a9 h1:8Woy0a7BV95kwZRu/AuJLD/QBUrKEcwA2gtxYnSC+ak=
github.com/gwaylib/beanmsq v0.0.0-20190326081523-eda206cf81a9/go.mod h1:zASOVPtMKgmjwI28EvSQnBC748mwNA0lubqKpzVbVSw=
github.com/gwaylib/beanmsq v0.0.0-20191004162047-d6c38552be56 h1:8YkeeKZE9DJP/FMNnBJ7Db5yc+F+gD7qXisEkW6SaQI=
github.com/gwaylib/beanmsq v0.0.0-20191004162047-d6c38552be56/go.mod h1:k0nthy2ZZ02YmdI+aCtONCIUj0z9RHfoo0HBImRUPn8=
github.com/gwaylib/beanmsq v0.0.0-20220419073808-97611cedfb25 h1:aMj0tTQZQn5+OMDlxddzx3MyEjj8kz8rokC8hil7R00=
github.com/gwaylib/beanmsq v0.0.0-20220419073808-97611cedfb25/go.mod h1:ursQ3aqKfBQ6/Eh4TA6qbo/Zm9WrZmX2OLV7Ea2sCeU=
github.com/gwaylib/errors v0.0.0-20190718041537-e442aeb61900 h1:UfAB04zArgj1ILiSPPoMbR4Im7IJ5eqyeJ6zVh2xctE=
github.com/gwaylib/errors v0.0.0-20190718041537-e442aeb61900/go.mod h1:mc+ainsF9wgufeFi7TzP0n82I1NPYj7DvUJ6noSszD8=
github.com/gwaylib/errors v0.0.0-20190905023356-162e59439c92/go.mod h1:+HS/JYB/LwqAWsVPCZHFYhwdDiQ/N2kuUqhYD44tfpY=
github.com/gwaylib/errors v0.0.0-20211126090330-1931a9c4fe20 h1:W6prxa2UjlXcN7Lkt3pbRNhS2IKIqlY/+o99tgDuA/8=
github.com/gwaylib/errors v0.0.0-20211126090330-1931a9c4fe20/go.mod h1:+HS/JYB/LwqAWsVPCZHFYhwdDiQ/N2kuUqhYD44tfpY=
github.com/gwaylib/log v0.0.0-20190829041528-b6c28711ef53/go.mod h1:FwuJtWmicMfzgmySG/QzJZL5J5qiMULuWgvT4qXZTgI=
github.com/gwaylib/log v0.0.0-20220419073537-947266e45ac7/go.mod h1:zq3Y/bzQMZotPXanUMhOZUlMpBTbEeVzen94rNUIY1I=
github.com/gwaylib/redis v0.0.0-20211227074640-be0f92968270 h1:cgYspu6Oy69xb7o/myLc6llyNhdJjMviIKwFT4whmto=
github.com/gwaylib/redis v0.0.0-20211227074640-be0f92968270/go.mod h1:cxir25v8NPKIh1ZSjahoUU0MFLa88RbTpO1F4C4/mQ0=
github.com/gwaylib/redis v0.0.0-20231110105356-a4910e0c1eaf h1:1TW2pzpv22QPITCANQKnO+0JEiWR18PMQHTYzW1zyEg=
github.com/gwaylib/redis v0.0.0-20231110105356-a4910e0c1eaf/go.mod h1:cxir25v8NPKIh1ZSjahoUU0MFLa88RbTpO1F4C4/mQ0=
github.com/iwanbk/gobeanstalk v0.0.0-20160903043409-dbbb23937c31 h1:pYeOIZnfAA9kUZFYC6BF8iElFnmOJlfpQLTTw4ENPLM=
github.com/iwanbk/gobeanstalk v0.0.0-20160903043409-dbbb23937c31/go.mod h1:9ERvzhQ09s9SfQ7LjjF6FwUDnfkdZJUCN3vOUE+NtP8=
github.com/kr/beanstalk v0.0.0-20180818045031-cae1762e4858 h1:kkNVQqyYyI0SsW9sOUEAKiLzoJGzW1ZVoYQCUmrAowE=
github.com/kr/beanstalk v0.0.0-20180818045031-cae1762e4858/go.mod h1:S640fId9Ag4k2hh6Hwwj62pMSZqfMtg/kfKPeAOhET8=
github.com/labstack/gommon v0.3.0 h1:JEeO0bvc78PKdyHxloTKiF8BD5iGrH8T6MSeGvSgob0=
github.com/labstack/gommon v0.3.0/go.mod h1:MULnywXg0yavhxWKc+lOruYdAhDwPK9wf0OL7NoOu+k=
github.com/labstack/gommon v0.3.1 h1:OomWaJXm7xR6L1HmEtGyQf26TEn7V6X88mktX9kee9o=
github.com/labstack/gommon v0.3.1/go.mod h1:uW6kP17uPlLJsD3ijUYn3/M5bAxtlZhMI6m3MFxTMTM=
github.com/mattn/go-colorable v0.1.2 h1:/bC9yWikZXAL9uJdulbSfyVNIR3n3trXl+v8+1sx8mU=
github.com/mattn/go-colorable v0.1.2/go.mod h1:U0ppj6V5qS13XJ6of8GYAs25YV2eR4EVcfRqFIhoBtE=
github.com/mattn/go-colorable v0.1.11/go.mod h1:u5H1YNBxpqRaxsYJYSkiCWKzEfiAb1Gb520KVy5xxl4=
github.com/mattn/go-colorable v0.1.12 h1:jF+Du6AlPIjs2BiUiQlKOX0rt3SujHxPnksPKZbaA40=
github.com/mattn/go-colorable v0.1.12/go.mod h1:u5H1YNBxpqRaxsYJYSkiCWKzEfiAb1Gb520KVy5xxl4=
github.com/mattn/go-isatty v0.0.8/go.mod h1:Iq45c/XA43vh69/j3iqttzPXn0bhXyGjM0Hdxcsrc5s=
github.com/mattn/go-isatty v0.0.9 h1:d5US/mDsogSGW37IV293h//ZFaeajb69h+EHFsv2xGg=
github.com/mattn/go-isatty v0.0.9/go.mod h1:YNRxwqDuOph6SZLI9vUUz6OYw3QyUt7WiY2yME+cCiQ=
github.com/mattn/go-isatty v0.0.14 h1:yVuAays6BHfxijgZPzw+3Zlu5yQgKGP2/hcQbHb7S9Y=
github.com/mattn/go-isatty v0.0.14/go.mod h1:7GGIvUiUoEMVVmxf/4nioHXj79iQHKdU27kJ6hsGG94=
github.com/pmezard/go-difflib v1.0.0/go.mod h1:iKH77koFhYxTK1pcRnkKkqfTogsbg7gZNVY4sRDYZ/4=
github.com/stretchr/objx v0.1.0/go.mod h1:HFkY916IF+rwdDfMAkV7OtwuqBVzrE8GR6GFx+wExME=
github.com/stretchr/testify v1.4.0/go.mod h1:j7eGeouHqKxXV5pUuKE4zz7dFj8WfuZ+81PSLYec5m4=
github.com/stretchr/testify v1.5.1/go.mod h1:5W2xD1RspED5o8YsWQXVCued0rvSQ+mT+I5cxcmMvtA=
github.com/stretchr/testify v1.7.0/go.mod h1:6Fq8oRcR53rry900zMqJjRRixrwX3KX962/h/Wwjteg=
github.com/valyala/bytebufferpool v1.0.0/go.mod h1:6bBcMArwyJ5K/AmCkWv1jt77kVWyCJ6HpOuEn7z0Csc=
github.com/valyala/fasttemplate v1.0.1/go.mod h1:UQGH1tvbgY+Nz5t2n7tXsz52dQxojPUpymEIMZ47gx8=
github.com/valyala/fasttemplate v1.2.1/go.mod h1:KHLXt3tVN2HBp8eijSv/kGJopbvo7S+qRAEEKiv+SiQ=
golang.org/x/sys v0.0.0-20190222072716-a9d3bda3a223/go.mod h1:STP8DvDyc/dI5b8T5hshtkjS+E42TnysNCUPdjciGhY=
golang.org/x/sys v0.0.0-20190813064441-fde4db37ae7a h1:aYOabOQFp6Vj6W1F80affTUvO9UxmJRx8K0gsfABByQ=
golang.org/x/sys v0.0.0-20190813064441-fde4db37ae7a/go.mod h1:h1NjWce9XRLGQEsW7wpKNCjG9DtNlClVuFLEZdDNbEs=
golang.org/x/sys v0.0.0-20210630005230-0f9fa26af87c/go.mod h1:oPkhp1MJrh7nUepCBck5+mAzfO9JrbApNNgaTdGDITg=
golang.org/x/sys v0.0.0-20210927094055-39ccf1dd6fa6/go.mod h1:oPkhp1MJrh7nUepCBck5+mAzfO9JrbApNNgaTdGDITg=
golang.org/x/sys v0.0.0-20211103235746-7861aae1554b/go.mod h1:oPkhp1MJrh7nUepCBck5+mAzfO9JrbApNNgaTdGDITg=
golang.org/x/sys v0.0.0-20220412211240-33da011f77ad h1:ntjMns5wyP/fN65tdBD4g8J5w8n015+iIIs9rtjXkY0=
golang.org/x/sys v0.0.0-20220412211240-33da011f77ad/go.mod h1:oPkhp1MJrh7nUepCBck5+mAzfO9JrbApNNgaTdGDITg=
gopkg.in/check.v1 v0.0.0-20161208181325-20d25e280405/go.mod h1:Co6ibVJAznAaIkqp8huTwlJQCZ016jof/cbN4VW5Yz0=
gopkg.in/yaml.v2 v2.2.2/go.mod h1:hI93XBmqTisBFMUTm0b8Fm+jr3Dg1NNxqwp+5A1VGuI=
gopkg.in/yaml.v3 v3.0.0-20200313102051-9f266ea9e77c/go.mod h1:K4uyk7z7BCEPqu6E+C64Yfv1cQ7kz7rIZviUmN+EgEM=
gopkg.in/yaml.v3 v3.0.0-20210107192922-496545a6307b/go.mod h1:K4uyk7z7BCEPqu6E+C64Yfv1cQ7kz7rIZviUmN+EgEM=
